// !$*UTF8*$!
{
	archiveVersion = 1;
	classes = {
	};
	objectVersion = 50;
	objects = {

/* Begin PBXBuildFile section */
		E51ED04D25FA58C700E435CD /* AppDelegate.swift in Sources */ = {isa = PBXBuildFile; fileRef = E51ED04C25FA58C700E435CD /* AppDelegate.swift */; };
		E51ED04F25FA58C700E435CD /* SceneDelegate.swift in Sources */ = {isa = PBXBuildFile; fileRef = E51ED04E25FA58C700E435CD /* SceneDelegate.swift */; };
		E51ED05125FA58C700E435CD /* ViewController.swift in Sources */ = {isa = PBXBuildFile; fileRef = E51ED05025FA58C700E435CD /* ViewController.swift */; };
		E51ED05425FA58C700E435CD /* Main.storyboard in Resources */ = {isa = PBXBuildFile; fileRef = E51ED05225FA58C700E435CD /* Main.storyboard */; };
		E51ED05625FA58C900E435CD /* Assets.xcassets in Resources */ = {isa = PBXBuildFile; fileRef = E51ED05525FA58C900E435CD /* Assets.xcassets */; };
		E51ED05925FA58C900E435CD /* LaunchScreen.storyboard in Resources */ = {isa = PBXBuildFile; fileRef = E51ED05725FA58C900E435CD /* LaunchScreen.storyboard */; };
		E51ED06225FA5BC900E435CD /* Country.swift in Sources */ = {isa = PBXBuildFile; fileRef = E51ED06125FA5BC900E435CD /* Country.swift */; };
/* End PBXBuildFile section */

/* Begin PBXFileReference section */
		E51ED04925FA58C700E435CD /* SegmentedDemo.app */ = {isa = PBXFileReference; explicitFileType = wrapper.application; includeInIndex = 0; path = SegmentedDemo.app; sourceTree = BUILT_PRODUCTS_DIR; };
		E51ED04C25FA58C700E435CD /* AppDelegate.swift */ = {isa = PBXFileReference; lastKnownFileType = sourcecode.swift; path = AppDelegate.swift; sourceTree = "<group>"; };
		E51ED04E25FA58C700E435CD /* SceneDelegate.swift */ = {isa = PBXFileReference; lastKnownFileType = sourcecode.swift; path = SceneDelegate.swift; sourceTree = "<group>"; };
		E51ED05025FA58C700E435CD /* ViewController.swift */ = {isa = PBXFileReference; lastKnownFileType = sourcecode.swift; path = ViewController.swift; sourceTree = "<group>"; };
		E51ED05325FA58C700E435CD /* Base */ = {isa = PBXFileReference; lastKnownFileType = file.storyboard; name = Base; path = Base.lproj/Main.storyboard; sourceTree = "<group>"; };
		E51ED05525FA58C900E435CD /* Assets.xcassets */ = {isa = PBXFileReference; lastKnownFileType = folder.assetcatalog; path = Assets.xcassets; sourceTree = "<group>"; };
		E51ED05825FA58C900E435CD /* Base */ = {isa = PBXFileReference; lastKnownFileType = file.storyboard; name = Base; path = Base.lproj/LaunchScreen.storyboard; sourceTree = "<group>"; };
		E51ED05A25FA58C900E435CD /* Info.plist */ = {isa = PBXFileReference; lastKnownFileType = text.plist.xml; path = Info.plist; sourceTree = "<group>"; };
		E51ED06125FA5BC900E435CD /* Country.swift */ = {isa = PBXFileReference; lastKnownFileType = sourcecode.swift; path = Country.swift; sourceTree = "<group>"; };
/* End PBXFileReference section */

/* Begin PBXFrameworksBuildPhase section */
		E51ED04625FA58C700E435CD /* Frameworks */ = {
			isa = PBXFrameworksBuildPhase;
			buildActionMask = 2147483647;
			files = (
			);
			runOnlyForDeploymentPostprocessing = 0;
		};
/* End PBXFrameworksBuildPhase section */

/* Begin PBXGroup section */
		E51ED04025FA58C700E435CD = {
			isa = PBXGroup;
			children = (
				E51ED04B25FA58C700E435CD /* SegmentedDemo */,
				E51ED04A25FA58C700E435CD /* Products */,
			);
			sourceTree = "<group>";
		};
		E51ED04A25FA58C700E435CD /* Products */ = {
			isa = PBXGroup;
			children = (
				E51ED04925FA58C700E435CD /* SegmentedDemo.app */,
			);
			name = Products;
			sourceTree = "<group>";
		};
		E51ED04B25FA58C700E435CD /* SegmentedDemo */ = {
			isa = PBXGroup;
			children = (
				E51ED04C25FA58C700E435CD /* AppDelegate.swift */,
				E51ED04E25FA58C700E435CD /* SceneDelegate.swift */,
				E51ED05025FA58C700E435CD /* ViewController.swift */,
				E51ED05225FA58C700E435CD /* Main.storyboard */,
				E51ED05525FA58C900E435CD /* Assets.xcassets */,
				E51ED05725FA58C900E435CD /* LaunchScreen.storyboard */,
				E51ED05A25FA58C900E435CD /* Info.plist */,
				E51ED06125FA5BC900E435CD /* Country.swift */,
			);
			path = SegmentedDemo;
			sourceTree = "<group>";
		};
/* End PBXGroup section */

/* Begin PBXNativeTarget section */
		E51ED04825FA58C700E435CD /* SegmentedDemo */ = {
			isa = PBXNativeTarget;
			buildConfigurationList = E51ED05D25FA58C900E435CD /* Build configuration list for PBXNativeTarget "SegmentedDemo" */;
			buildPhases = (
				E51ED04525FA58C700E435CD /* Sources */,
				E51ED04625FA58C700E435CD /* Frameworks */,
				E51ED04725FA58C700E435CD /* Resources */,
			);
			buildRules = (
			);
			dependencies = (
			);
			name = SegmentedDemo;
			productName = SegmentedDemo;
			productReference = E51ED04925FA58C700E435CD /* SegmentedDemo.app */;
			productType = "com.apple.product-type.application";
		};
/* End PBXNativeTarget section */

/* Begin PBXProject section */
		E51ED04125FA58C700E435CD /* Project object */ = {
			isa = PBXProject;
			attributes = {
				LastSwiftUpdateCheck = 1240;
				LastUpgradeCheck = 1240;
				TargetAttributes = {
					E51ED04825FA58C700E435CD = {
						CreatedOnToolsVersion = 12.4;
					};
				};
			};
			buildConfigurationList = E51ED04425FA58C700E435CD /* Build configuration list for PBXProject "SegmentedDemo" */;
			compatibilityVersion = "Xcode 9.3";
			developmentRegion = en;
			hasScannedForEncodings = 0;
			knownRegions = (
				en,
				Base,
			);
			mainGroup = E51ED04025FA58C700E435CD;
			productRefGroup = E51ED04A25FA58C700E435CD /* Products */;
			projectDirPath = "";
			projectRoot = "";
			targets = (
				E51ED04825FA58C700E435CD /* SegmentedDemo */,
			);
		};
/* End PBXProject section */

/* Begin PBXResourcesBuildPhase section */
		E51ED04725FA58C700E435CD /* Resources */ = {
			isa = PBXResourcesBuildPhase;
			buildActionMask = 2147483647;
			files = (
				E51ED05925FA58C900E435CD /* LaunchScreen.storyboard in Resources */,
				E51ED05625FA58C900E435CD /* Assets.xcassets in Resources */,
				E51ED05425FA58C700E435CD /* Main.storyboard in Resources */,
			);
			runOnlyForDeploymentPostprocessing = 0;
		};
/* End PBXResourcesBuildPhase section */

/* Begin PBXSourcesBuildPhase section */
		E51ED04525FA58C700E435CD /* Sources */ = {
			isa = PBXSourcesBuildPhase;
			buildActionMask = 2147483647;
			files = (
				E51ED06225FA5BC900E435CD /* Country.swift in Sources */,
				E51ED05125FA58C700E435CD /* ViewController.swift in Sources */,
				E51ED04D25FA58C700E435CD /* AppDelegate.swift in Sources */,
				E51ED04F25FA58C700E435CD /* SceneDelegate.swift in Sources */,
			);
			runOnlyForDeploymentPostprocessing = 0;
		};
/* End PBXSourcesBuildPhase section */

/* Begin PBXVariantGroup section */
		E51ED05225FA58C700E435CD /* Main.storyboard */ = {
			isa = PBXVariantGroup;
			children = (
				E51ED05325FA58C700E435CD /* Base */,
			);
			name = Main.storyboard;
			sourceTree = "<group>";
		};
		E51ED05725FA58C900E435CD /* LaunchScreen.storyboard */ = {
			isa = PBXVariantGroup;
			children = (
				E51ED05825FA58C900E435CD /* Base */,
			);
			name = LaunchScreen.storyboard;
			sourceTree = "<group>";
		};
/* End PBXVariantGroup section */

/* Begin XCBuildConfiguration section */
		E51ED05B25FA58C900E435CD /* Debug */ = {
			isa = XCBuildConfiguration;
			buildSettings = {
				ALWAYS_SEARCH_USER_PATHS = NO;
				CLANG_ANALYZER_NONNULL = YES;
				CLANG_ANALYZER_NUMBER_OBJECT_CONVERSION = YES_AGGRESSIVE;
				CLANG_CXX_LANGUAGE_STANDARD = "gnu++14";
				CLANG_CXX_LIBRARY = "libc++";
				CLANG_ENABLE_MODULES = YES;
				CLANG_ENABLE_OBJC_ARC = YES;
				CLANG_ENABLE_OBJC_WEAK = YES;
				CLANG_WARN_BLOCK_CAPTURE_AUTORELEASING = YES;
				CLANG_WARN_BOOL_CONVERSION = YES;
				CLANG_WARN_COMMA = YES;
				CLANG_WARN_CONSTANT_CONVERSION = YES;
				CLANG_WARN_DEPRECATED_OBJC_IMPLEMENTATIONS = YES;
				CLANG_WARN_DIRECT_OBJC_ISA_USAGE = YES_ERROR;
				CLANG_WARN_DOCUMENTATION_COMMENTS = YES;
				CLANG_WARN_EMPTY_BODY = YES;
				CLANG_WARN_ENUM_CONVERSION = YES;
				CLANG_WARN_INFINITE_RECURSION = YES;
				CLANG_WARN_INT_CONVERSION = YES;
				CLANG_WARN_NON_LITERAL_NULL_CONVERSION = YES;
				CLANG_WARN_OBJC_IMPLICIT_RETAIN_SELF = YES;
				CLANG_WARN_OBJC_LITERAL_CONVERSION = YES;
				CLANG_WARN_OBJC_ROOT_CLASS = YES_ERROR;
				CLANG_WARN_QUOTED_INCLUDE_IN_FRAMEWORK_HEADER = YES;
				CLANG_WARN_RANGE_LOOP_ANALYSIS = YES;
				CLANG_WARN_STRICT_PROTOTYPES = YES;
				CLANG_WARN_SUSPICIOUS_MOVE = YES;
				CLANG_WARN_UNGUARDED_AVAILABILITY = YES_AGGRESSIVE;
				CLANG_WARN_UNREACHABLE_CODE = YES;
				CLANG_WARN__DUPLICATE_METHOD_MATCH = YES;
				COPY_PHASE_STRIP = NO;
				DEBUG_INFORMATION_FORMAT = dwarf;
				ENABLE_STRICT_OBJC_MSGSEND = YES;
				ENABLE_TESTABILITY = YES;
				GCC_C_LANGUAGE_STANDARD = gnu11;
				GCC_DYNAMIC_NO_PIC = NO;
				GCC_NO_COMMON_BLOCKS = YES;
				GCC_OPTIMIZATION_LEVEL = 0;
				GCC_PREPROCESSOR_DEFINITIONS = (
					"DEBUG=1",
					"$(inherited)",
				);
				GCC_WARN_64_TO_32_BIT_CONVERSION = YES;
				GCC_WARN_ABOUT_RETURN_TYPE = YES_ERROR;
				GCC_WARN_UNDECLARED_SELECTOR = YES;
				GCC_WARN_UNINITIALIZED_AUTOS = YES_AGGRESSIVE;
				GCC_WARN_UNUSED_FUNCTION = YES;
				GCC_WARN_UNUSED_VARIABLE = YES;
				IPHONEOS_DEPLOYMENT_TARGET = 14.4;
				MTL_ENABLE_DEBUG_INFO = INCLUDE_SOURCE;
				MTL_FAST_MATH = YES;
				ONLY_ACTIVE_ARCH = YES;
				SDKROOT = iphoneos;
				SWIFT_ACTIVE_COMPILATION_CONDITIONS = DEBUG;
				SWIFT_OPTIMIZATION_LEVEL = "-Onone";
			};
			name = Debug;
		};
		E51ED05C25FA58C900E435CD /* Release */ = {
			isa = XCBuildConfiguration;
			buildSettings = {
				ALWAYS_SEARCH_USER_PATHS = NO;
				CLANG_ANALYZER_NONNULL = YES;
				CLANG_ANALYZER_NUMBER_OBJECT_CONVERSION = YES_AGGRESSIVE;
				CLANG_CXX_LANGUAGE_STANDARD = "gnu++14";
				CLANG_CXX_LIBRARY = "libc++";
				CLANG_ENABLE_MODULES = YES;
				CLANG_ENABLE_OBJC_ARC = YES;
				CLANG_ENABLE_OBJC_WEAK = YES;
				CLANG_WARN_BLOCK_CAPTURE_AUTORELEASING = YES;
				CLANG_WARN_BOOL_CONVERSION = YES;
				CLANG_WARN_COMMA = YES;
				CLANG_WARN_CONSTANT_CONVERSION = YES;
				CLANG_WARN_DEPRECATED_OBJC_IMPLEMENTATIONS = YES;
				CLANG_WARN_DIRECT_OBJC_ISA_USAGE = YES_ERROR;
				CLANG_WARN_DOCUMENTATION_COMMENTS = YES;
				CLANG_WARN_EMPTY_BODY = YES;
				CLANG_WARN_ENUM_CONVERSION = YES;
				CLANG_WARN_INFINITE_RECURSION = YES;
				CLANG_WARN_INT_CONVERSION = YES;
				CLANG_WARN_NON_LITERAL_NULL_CONVERSION = YES;
				CLANG_WARN_OBJC_IMPLICIT_RETAIN_SELF = YES;
				CLANG_WARN_OBJC_LITERAL_CONVERSION = YES;
				CLANG_WARN_OBJC_ROOT_CLASS = YES_ERROR;
				CLANG_WARN_QUOTED_INCLUDE_IN_FRAMEWORK_HEADER = YES;
				CLANG_WARN_RANGE_LOOP_ANALYSIS = YES;
				CLANG_WARN_STRICT_PROTOTYPES = YES;
				CLANG_WARN_SUSPICIOUS_MOVE = YES;
				CLANG_WARN_UNGUARDED_AVAILABILITY = YES_AGGRESSIVE;
				CLANG_WARN_UNREACHABLE_CODE = YES;
				CLANG_WARN__DUPLICATE_METHOD_MATCH = YES;
				COPY_PHASE_STRIP = NO;
				DEBUG_INFORMATION_FORMAT = "dwarf-with-dsym";
				ENABLE_NS_ASSERTIONS = NO;
				ENABLE_STRICT_OBJC_MSGSEND = YES;
				GCC_C_LANGUAGE_STANDARD = gnu11;
				GCC_NO_COMMON_BLOCKS = YES;
				GCC_WARN_64_TO_32_BIT_CONVERSION = YES;
				GCC_WARN_ABOUT_RETURN_TYPE = YES_ERROR;
				GCC_WARN_UNDECLARED_SELECTOR = YES;
				GCC_WARN_UNINITIALIZED_AUTOS = YES_AGGRESSIVE;
				GCC_WARN_UNUSED_FUNCTION = YES;
				GCC_WARN_UNUSED_VARIABLE = YES;
				IPHONEOS_DEPLOYMENT_TARGET = 14.4;
				MTL_ENABLE_DEBUG_INFO = NO;
				MTL_FAST_MATH = YES;
				SDKROOT = iphoneos;
				SWIFT_COMPILATION_MODE = wholemodule;
				SWIFT_OPTIMIZATION_LEVEL = "-O";
				VALIDATE_PRODUCT = YES;
			};
			name = Release;
		};
		E51ED05E25FA58C900E435CD /* Debug */ = {
			isa = XCBuildConfiguration;
			buildSettings = {
				ASSETCATALOG_COMPILER_APPICON_NAME = AppIcon;
				ASSETCATALOG_COMPILER_GLOBAL_ACCENT_COLOR_NAME = AccentColor;
				CODE_SIGN_STYLE = Automatic;
				INFOPLIST_FILE = SegmentedDemo/Info.plist;
				LD_RUNPATH_SEARCH_PATHS = (
					"$(inherited)",
					"@executable_path/Frameworks",
				);
				PRODUCT_BUNDLE_IDENTIFIER = Emad.SegmentedDemo;
				PRODUCT_NAME = "$(TARGET_NAME)";
				SWIFT_VERSION = 5.0;
				TARGETED_DEVICE_FAMILY = "1,2";
			};
			name = Debug;
		};
		E51ED05F25FA58C900E435CD /* Release */ = {
			isa = XCBuildConfiguration;
			buildSettings = {
				ASSETCATALOG_COMPILER_APPICON_NAME = AppIcon;
				ASSETCATALOG_COMPILER_GLOBAL_ACCENT_COLOR_NAME = AccentColor;
				CODE_SIGN_STYLE = Automatic;
				INFOPLIST_FILE = SegmentedDemo/Info.plist;
				LD_RUNPATH_SEARCH_PATHS = (
					"$(inherited)",
					"@executable_path/Frameworks",
				);
				PRODUCT_BUNDLE_IDENTIFIER = Emad.SegmentedDemo;
				PRODUCT_NAME = "$(TARGET_NAME)";
				SWIFT_VERSION = 5.0;
				TARGETED_DEVICE_FAMILY = "1,2";
			};
			name = Release;
		};
/* End XCBuildConfiguration section */

/* Begin XCConfigurationList section */
		E51ED04425FA58C700E435CD /* Build configuration list for PBXProject "SegmentedDemo" */ = {
			isa = XCConfigurationList;
			buildConfigurations = (
				E51ED05B25FA58C900E435CD /* Debug */,
				E51ED05C25FA58C900E435CD /* Release */,
			);
			defaultConfigurationIsVisible = 0;
			defaultConfigurationName = Release;
		};
		E51ED05D25FA58C900E435CD /* Build configuration list for PBXNativeTarget "SegmentedDemo" */ = {
			isa = XCConfigurationList;
			buildConfigurations = (
				E51ED05E25FA58C900E435CD /* Debug */,
				E51ED05F25FA58C900E435CD /* Release */,
			);
			defaultConfigurationIsVisible = 0;
			defaultConfigurationName = Release;
		};
/* End XCConfigurationList section */
	};
	rootObject = E51ED04125FA58C700E435CD /* Project object */;
}
